
Microsoft Visual Studio Solution File, Format Version 11.00
# Visual Studio 2010
Project("{FAE04EC0-301F-11D3-BF4B-00C04F79EFBC}") = "urnaKK", "Assembly-CSharp.csproj", "{AF93CA5B-5F9D-033A-36A9-35D96C5361D8}"
EndProject
Global
	GlobalSection(SolutionConfigurationPlatforms) = preSolution
		Debug|Any CPU = Debug|Any CPU
		Release|Any CPU = Release|Any CPU
	EndGlobalSection
	GlobalSection(ProjectConfigurationPlatforms) = postSolution
		{AF93CA5B-5F9D-033A-36A9-35D96C5361D8}.Debug|Any CPU.ActiveCfg = Debug|Any CPU
		{AF93CA5B-5F9D-033A-36A9-35D96C5361D8}.Debug|Any CPU.Build.0 = Debug|Any CPU
		{AF93CA5B-5F9D-033A-36A9-35D96C5361D8}.Release|Any CPU.ActiveCfg = Release|Any CPU
		{AF93CA5B-5F9D-033A-36A9-35D96C5361D8}.Release|Any CPU.Build.0 = Release|Any CPU
	EndGlobalSection
	GlobalSection(SolutionProperties) = preSolution
		HideSolutionNode = FALSE
	EndGlobalSection
	GlobalSection(MonoDevelopProperties) = preSolution
		StartupItem = Assembly-CSharp.csproj
	EndGlobalSection
EndGlobal
